// !$*UTF8*$!
{
	archiveVersion = 1;
	classes = {
	};
	objectVersion = 51;
	objects = {

/* Begin PBXBuildFile section */
		31ACC536E0CD8394227198DE /* libPods-TodoList.a in Frameworks */ = {isa = PBXBuildFile; fileRef = A6C73E4FC8FEF79757EA9713 /* libPods-TodoList.a */; };
		AE014B222406174400F56773 /* TodoTaskCell.m in Sources */ = {isa = PBXBuildFile; fileRef = AE014B212406174400F56773 /* TodoTaskCell.m */; };
		AE014B25240617F300F56773 /* Model.m in Sources */ = {isa = PBXBuildFile; fileRef = AE014B24240617F300F56773 /* Model.m */; };
		AE02CE802406116400A7769A /* mainTableViewHelper.m in Sources */ = {isa = PBXBuildFile; fileRef = AE02CE7F2406116400A7769A /* mainTableViewHelper.m */; };
		AE02D12024081BAA0034007F /* editViewController.m in Sources */ = {isa = PBXBuildFile; fileRef = AE02D11F24081BAA0034007F /* editViewController.m */; };
		AE02D12324082E7D0034007F /* addViewController.m in Sources */ = {isa = PBXBuildFile; fileRef = AE02D12224082E7D0034007F /* addViewController.m */; };
		AE02D127240913760034007F /* Assets.xcassets in Resources */ = {isa = PBXBuildFile; fileRef = AE02D126240913760034007F /* Assets.xcassets */; };
		AE33352924079DDD00C1D684 /* TodoDataModelStorage.mm in Sources */ = {isa = PBXBuildFile; fileRef = AE33352624079DDC00C1D684 /* TodoDataModelStorage.mm */; };
		AE33352A24079DDD00C1D684 /* TodoDataModel.mm in Sources */ = {isa = PBXBuildFile; fileRef = AE33352824079DDD00C1D684 /* TodoDataModel.mm */; };
		AE33352D2407A33100C1D684 /* Plate.m in Sources */ = {isa = PBXBuildFile; fileRef = AE33352C2407A33100C1D684 /* Plate.m */; };
		AE807F2224026E1400A70D4F /* loginViewController.m in Sources */ = {isa = PBXBuildFile; fileRef = AE807F2124026E1400A70D4F /* loginViewController.m */; };
		AEED989A23FE5FB300CA2D21 /* AppDelegate.m in Sources */ = {isa = PBXBuildFile; fileRef = AEED989923FE5FB300CA2D21 /* AppDelegate.m */; };
		AEED98A523FE5FB400CA2D21 /* LaunchScreen.storyboard in Resources */ = {isa = PBXBuildFile; fileRef = AEED98A323FE5FB400CA2D21 /* LaunchScreen.storyboard */; };
		AEED98A823FE5FB400CA2D21 /* main.m in Sources */ = {isa = PBXBuildFile; fileRef = AEED98A723FE5FB400CA2D21 /* main.m */; };
		AEED98B223FE5FB400CA2D21 /* TodoListTests.m in Sources */ = {isa = PBXBuildFile; fileRef = AEED98B123FE5FB400CA2D21 /* TodoListTests.m */; };
		AEED98BD23FE5FB500CA2D21 /* TodoListUITests.m in Sources */ = {isa = PBXBuildFile; fileRef = AEED98BC23FE5FB500CA2D21 /* TodoListUITests.m */; };
		AEED98CF23FE6A6300CA2D21 /* mainViewController.m in Sources */ = {isa = PBXBuildFile; fileRef = AEED98CE23FE6A6300CA2D21 /* mainViewController.m */; };
		AEED98D623FE7AD100CA2D21 /* todoDate.plist in Resources */ = {isa = PBXBuildFile; fileRef = AEED98D523FE7AD000CA2D21 /* todoDate.plist */; };
/* End PBXBuildFile section */

/* Begin PBXContainerItemProxy section */
		AEED98AE23FE5FB400CA2D21 /* PBXContainerItemProxy */ = {
			isa = PBXContainerItemProxy;
			containerPortal = AEED988D23FE5FB300CA2D21 /* Project object */;
			proxyType = 1;
			remoteGlobalIDString = AEED989423FE5FB300CA2D21;
			remoteInfo = TodoList;
		};
		AEED98B923FE5FB400CA2D21 /* PBXContainerItemProxy */ = {
			isa = PBXContainerItemProxy;
			containerPortal = AEED988D23FE5FB300CA2D21 /* Project object */;
			proxyType = 1;
			remoteGlobalIDString = AEED989423FE5FB300CA2D21;
			remoteInfo = TodoList;
		};
/* End PBXContainerItemProxy section */

/* Begin PBXFileReference section */
		54CE56C2F53351A373344154 /* Pods-TodoList.debug.xcconfig */ = {isa = PBXFileReference; includeInIndex = 1; lastKnownFileType = text.xcconfig; name = "Pods-TodoList.debug.xcconfig"; path = "Target Support Files/Pods-TodoList/Pods-TodoList.debug.xcconfig"; sourceTree = "<group>"; };
		8789829DF97EFEB07A864246 /* Pods-TodoList.release.xcconfig */ = {isa = PBXFileReference; includeInIndex = 1; lastKnownFileType = text.xcconfig; name = "Pods-TodoList.release.xcconfig"; path = "Target Support Files/Pods-TodoList/Pods-TodoList.release.xcconfig"; sourceTree = "<group>"; };
		A6C73E4FC8FEF79757EA9713 /* libPods-TodoList.a */ = {isa = PBXFileReference; explicitFileType = archive.ar; includeInIndex = 0; path = "libPods-TodoList.a"; sourceTree = BUILT_PRODUCTS_DIR; };
		AE014B202406174300F56773 /* TodoTaskCell.h */ = {isa = PBXFileReference; fileEncoding = 4; lastKnownFileType = sourcecode.c.h; path = TodoTaskCell.h; sourceTree = "<group>"; };
		AE014B212406174400F56773 /* TodoTaskCell.m */ = {isa = PBXFileReference; fileEncoding = 4; lastKnownFileType = sourcecode.c.objc; path = TodoTaskCell.m; sourceTree = "<group>"; };
		AE014B23240617F300F56773 /* Model.h */ = {isa = PBXFileReference; lastKnownFileType = sourcecode.c.h; path = Model.h; sourceTree = "<group>"; };
		AE014B24240617F300F56773 /* Model.m */ = {isa = PBXFileReference; lastKnownFileType = sourcecode.c.objc; path = Model.m; sourceTree = "<group>"; };
		AE02CE7E2406116400A7769A /* mainTableViewHelper.h */ = {isa = PBXFileReference; lastKnownFileType = sourcecode.c.h; path = mainTableViewHelper.h; sourceTree = "<group>"; };
		AE02CE7F2406116400A7769A /* mainTableViewHelper.m */ = {isa = PBXFileReference; lastKnownFileType = sourcecode.c.objc; path = mainTableViewHelper.m; sourceTree = "<group>"; };
		AE02D11E24081BAA0034007F /* editViewController.h */ = {isa = PBXFileReference; lastKnownFileType = sourcecode.c.h; path = editViewController.h; sourceTree = "<group>"; };
		AE02D11F24081BAA0034007F /* editViewController.m */ = {isa = PBXFileReference; lastKnownFileType = sourcecode.c.objc; path = editViewController.m; sourceTree = "<group>"; };
		AE02D12124082E7D0034007F /* addViewController.h */ = {isa = PBXFileReference; lastKnownFileType = sourcecode.c.h; path = addViewController.h; sourceTree = "<group>"; };
		AE02D12224082E7D0034007F /* addViewController.m */ = {isa = PBXFileReference; lastKnownFileType = sourcecode.c.objc; path = addViewController.m; sourceTree = "<group>"; };
		AE02D1242408A79B0034007F /* addViewDelegate.h */ = {isa = PBXFileReference; lastKnownFileType = sourcecode.c.h; path = addViewDelegate.h; sourceTree = "<group>"; };
		AE02D1252408E8250034007F /* editViewDelegate.h */ = {isa = PBXFileReference; lastKnownFileType = sourcecode.c.h; path = editViewDelegate.h; sourceTree = "<group>"; };
		AE02D126240913760034007F /* Assets.xcassets */ = {isa = PBXFileReference; lastKnownFileType = folder.assetcatalog; path = Assets.xcassets; sourceTree = "<group>"; };
		AE33352424079DDC00C1D684 /* TodoDataModel.h */ = {isa = PBXFileReference; fileEncoding = 4; lastKnownFileType = sourcecode.c.h; path = TodoDataModel.h; sourceTree = "<group>"; };
		AE33352524079DDC00C1D684 /* TodoDataModelStorage.h */ = {isa = PBXFileReference; fileEncoding = 4; lastKnownFileType = sourcecode.c.h; path = TodoDataModelStorage.h; sourceTree = "<group>"; };
		AE33352624079DDC00C1D684 /* TodoDataModelStorage.mm */ = {isa = PBXFileReference; fileEncoding = 4; lastKnownFileType = sourcecode.cpp.objcpp; path = TodoDataModelStorage.mm; sourceTree = "<group>"; };
		AE33352724079DDC00C1D684 /* TodoDataModel+WCTTableCoding.h */ = {isa = PBXFileReference; fileEncoding = 4; lastKnownFileType = sourcecode.c.h; path = "TodoDataModel+WCTTableCoding.h"; sourceTree = "<group>"; };
		AE33352824079DDD00C1D684 /* TodoDataModel.mm */ = {isa = PBXFileReference; fileEncoding = 4; lastKnownFileType = sourcecode.cpp.objcpp; path = TodoDataModel.mm; sourceTree = "<group>"; };
		AE33352B2407A33100C1D684 /* Plate.h */ = {isa = PBXFileReference; lastKnownFileType = sourcecode.c.h; path = Plate.h; sourceTree = "<group>"; };
		AE33352C2407A33100C1D684 /* Plate.m */ = {isa = PBXFileReference; lastKnownFileType = sourcecode.c.objc; path = Plate.m; sourceTree = "<group>"; };
		AE807F2124026E1400A70D4F /* loginViewController.m */ = {isa = PBXFileReference; lastKnownFileType = sourcecode.c.objc; name = loginViewController.m; path = "/Users/aruoreki/Desktop/TodoList纯代码/TodoList/loginViewController.m"; sourceTree = "<absolute>"; };
		AE807F2324026E1600A70D4F /* loginViewController.h */ = {isa = PBXFileReference; lastKnownFileType = sourcecode.c.h; name = loginViewController.h; path = "/Users/aruoreki/Desktop/TodoList纯代码/TodoList/loginViewController.h"; sourceTree = "<absolute>"; };
		AEED989523FE5FB300CA2D21 /* TodoList.app */ = {isa = PBXFileReference; explicitFileType = wrapper.application; includeInIndex = 0; path = TodoList.app; sourceTree = BUILT_PRODUCTS_DIR; };
		AEED989823FE5FB300CA2D21 /* AppDelegate.h */ = {isa = PBXFileReference; lastKnownFileType = sourcecode.c.h; path = AppDelegate.h; sourceTree = "<group>"; };
		AEED989923FE5FB300CA2D21 /* AppDelegate.m */ = {isa = PBXFileReference; lastKnownFileType = sourcecode.c.objc; path = AppDelegate.m; sourceTree = "<group>"; };
		AEED98A423FE5FB400CA2D21 /* Base */ = {isa = PBXFileReference; lastKnownFileType = file.storyboard; name = Base; path = Base.lproj/LaunchScreen.storyboard; sourceTree = "<group>"; };
		AEED98A623FE5FB400CA2D21 /* Info.plist */ = {isa = PBXFileReference; lastKnownFileType = text.plist.xml; path = Info.plist; sourceTree = "<group>"; };
		AEED98A723FE5FB400CA2D21 /* main.m */ = {isa = PBXFileReference; lastKnownFileType = sourcecode.c.objc; path = main.m; sourceTree = "<group>"; };
		AEED98AD23FE5FB400CA2D21 /* TodoListTests.xctest */ = {isa = PBXFileReference; explicitFileType = wrapper.cfbundle; includeInIndex = 0; path = TodoListTests.xctest; sourceTree = BUILT_PRODUCTS_DIR; };
		AEED98B123FE5FB400CA2D21 /* TodoListTests.m */ = {isa = PBXFileReference; lastKnownFileType = sourcecode.c.objc; path = TodoListTests.m; sourceTree = "<group>"; };
		AEED98B323FE5FB400CA2D21 /* Info.plist */ = {isa = PBXFileReference; lastKnownFileType = text.plist.xml; path = Info.plist; sourceTree = "<group>"; };
		AEED98B823FE5FB400CA2D21 /* TodoListUITests.xctest */ = {isa = PBXFileReference; explicitFileType = wrapper.cfbundle; includeInIndex = 0; path = TodoListUITests.xctest; sourceTree = BUILT_PRODUCTS_DIR; };
		AEED98BC23FE5FB500CA2D21 /* TodoListUITests.m */ = {isa = PBXFileReference; lastKnownFileType = sourcecode.c.objc; path = TodoListUITests.m; sourceTree = "<group>"; };
		AEED98BE23FE5FB500CA2D21 /* Info.plist */ = {isa = PBXFileReference; lastKnownFileType = text.plist.xml; path = Info.plist; sourceTree = "<group>"; };
		AEED98CD23FE6A6300CA2D21 /* mainViewController.h */ = {isa = PBXFileReference; lastKnownFileType = sourcecode.c.h; path = mainViewController.h; sourceTree = "<group>"; };
		AEED98CE23FE6A6300CA2D21 /* mainViewController.m */ = {isa = PBXFileReference; lastKnownFileType = sourcecode.c.objc; path = mainViewController.m; sourceTree = "<group>"; };
		AEED98D523FE7AD000CA2D21 /* todoDate.plist */ = {isa = PBXFileReference; fileEncoding = 4; lastKnownFileType = text.plist.xml; path = todoDate.plist; sourceTree = "<group>"; };
/* End PBXFileReference section */

/* Begin PBXFrameworksBuildPhase section */
		AEED989223FE5FB300CA2D21 /* Frameworks */ = {
			isa = PBXFrameworksBuildPhase;
			buildActionMask = 2147483647;
			files = (
				31ACC536E0CD8394227198DE /* libPods-TodoList.a in Frameworks */,
			);
			runOnlyForDeploymentPostprocessing = 0;
		};
		AEED98AA23FE5FB400CA2D21 /* Frameworks */ = {
			isa = PBXFrameworksBuildPhase;
			buildActionMask = 2147483647;
			files = (
			);
			runOnlyForDeploymentPostprocessing = 0;
		};
		AEED98B523FE5FB400CA2D21 /* Frameworks */ = {
			isa = PBXFrameworksBuildPhase;
			buildActionMask = 2147483647;
			files = (
			);
			runOnlyForDeploymentPostprocessing = 0;
		};
/* End PBXFrameworksBuildPhase section */

/* Begin PBXGroup section */
		1E77EFB7D7D3B11758EA1C38 /* Pods */ = {
			isa = PBXGroup;
			children = (
				54CE56C2F53351A373344154 /* Pods-TodoList.debug.xcconfig */,
				8789829DF97EFEB07A864246 /* Pods-TodoList.release.xcconfig */,
			);
			path = Pods;
			sourceTree = "<group>";
		};
		AEED988C23FE5FB300CA2D21 = {
			isa = PBXGroup;
			children = (
				AEED989723FE5FB300CA2D21 /* TodoList */,
				AEED98B023FE5FB400CA2D21 /* TodoListTests */,
				AEED98BB23FE5FB400CA2D21 /* TodoListUITests */,
				AEED989623FE5FB300CA2D21 /* Products */,
				1E77EFB7D7D3B11758EA1C38 /* Pods */,
				E5548D534A4FBFA44FF81890 /* Frameworks */,
			);
			sourceTree = "<group>";
		};
		AEED989623FE5FB300CA2D21 /* Products */ = {
			isa = PBXGroup;
			children = (
				AEED989523FE5FB300CA2D21 /* TodoList.app */,
				AEED98AD23FE5FB400CA2D21 /* TodoListTests.xctest */,
				AEED98B823FE5FB400CA2D21 /* TodoListUITests.xctest */,
			);
			name = Products;
			sourceTree = "<group>";
		};
		AEED989723FE5FB300CA2D21 /* TodoList */ = {
			isa = PBXGroup;
			children = (
				AE807F2324026E1600A70D4F /* loginViewController.h */,
				AE807F2124026E1400A70D4F /* loginViewController.m */,
				AEED989823FE5FB300CA2D21 /* AppDelegate.h */,
				AEED989923FE5FB300CA2D21 /* AppDelegate.m */,
				AEED98CD23FE6A6300CA2D21 /* mainViewController.h */,
				AEED98CE23FE6A6300CA2D21 /* mainViewController.m */,
				AE02D1242408A79B0034007F /* addViewDelegate.h */,
				AE02D1252408E8250034007F /* editViewDelegate.h */,
				AE02D12124082E7D0034007F /* addViewController.h */,
				AE02D12224082E7D0034007F /* addViewController.m */,
				AE02D11E24081BAA0034007F /* editViewController.h */,
				AE02D11F24081BAA0034007F /* editViewController.m */,
				AE02CE7E2406116400A7769A /* mainTableViewHelper.h */,
				AE02CE7F2406116400A7769A /* mainTableViewHelper.m */,
				AE014B202406174300F56773 /* TodoTaskCell.h */,
				AE014B212406174400F56773 /* TodoTaskCell.m */,
				AE014B23240617F300F56773 /* Model.h */,
				AE014B24240617F300F56773 /* Model.m */,
				AE33352424079DDC00C1D684 /* TodoDataModel.h */,
				AE33352824079DDD00C1D684 /* TodoDataModel.mm */,
				AE33352724079DDC00C1D684 /* TodoDataModel+WCTTableCoding.h */,
				AE33352524079DDC00C1D684 /* TodoDataModelStorage.h */,
				AE02D126240913760034007F /* Assets.xcassets */,
				AE33352624079DDC00C1D684 /* TodoDataModelStorage.mm */,
				AE33352B2407A33100C1D684 /* Plate.h */,
				AE33352C2407A33100C1D684 /* Plate.m */,
				AEED98A323FE5FB400CA2D21 /* LaunchScreen.storyboard */,
				AEED98A623FE5FB400CA2D21 /* Info.plist */,
				AEED98D523FE7AD000CA2D21 /* todoDate.plist */,
				AEED98A723FE5FB400CA2D21 /* main.m */,
			);
			path = TodoList;
			sourceTree = "<group>";
		};
		AEED98B023FE5FB400CA2D21 /* TodoListTests */ = {
			isa = PBXGroup;
			children = (
				AEED98B123FE5FB400CA2D21 /* TodoListTests.m */,
				AEED98B323FE5FB400CA2D21 /* Info.plist */,
			);
			path = TodoListTests;
			sourceTree = "<group>";
		};
		AEED98BB23FE5FB400CA2D21 /* TodoListUITests */ = {
			isa = PBXGroup;
			children = (
				AEED98BC23FE5FB500CA2D21 /* TodoListUITests.m */,
				AEED98BE23FE5FB500CA2D21 /* Info.plist */,
			);
			path = TodoListUITests;
			sourceTree = "<group>";
		};
		E5548D534A4FBFA44FF81890 /* Frameworks */ = {
			isa = PBXGroup;
			children = (
				A6C73E4FC8FEF79757EA9713 /* libPods-TodoList.a */,
			);
			name = Frameworks;
			sourceTree = "<group>";
		};
/* End PBXGroup section */

/* Begin PBXNativeTarget section */
		AEED989423FE5FB300CA2D21 /* TodoList */ = {
			isa = PBXNativeTarget;
			buildConfigurationList = AEED98C123FE5FB500CA2D21 /* Build configuration list for PBXNativeTarget "TodoList" */;
			buildPhases = (
				3844AF8AA33D8B5CC9BF3703 /* [CP] Check Pods Manifest.lock */,
				AEED989123FE5FB300CA2D21 /* Sources */,
				AEED989223FE5FB300CA2D21 /* Frameworks */,
				AEED989323FE5FB300CA2D21 /* Resources */,
				882FF3227664BD82504F3229 /* [CP] Copy Pods Resources */,
			);
			buildRules = (
			);
			dependencies = (
			);
			name = TodoList;
			productName = TodoList;
			productReference = AEED989523FE5FB300CA2D21 /* TodoList.app */;
			productType = "com.apple.product-type.application";
		};
		AEED98AC23FE5FB400CA2D21 /* TodoListTests */ = {
			isa = PBXNativeTarget;
			buildConfigurationList = AEED98C423FE5FB500CA2D21 /* Build configuration list for PBXNativeTarget "TodoListTests" */;
			buildPhases = (
				AEED98A923FE5FB400CA2D21 /* Sources */,
				AEED98AA23FE5FB400CA2D21 /* Frameworks */,
				AEED98AB23FE5FB400CA2D21 /* Resources */,
			);
			buildRules = (
			);
			dependencies = (
				AEED98AF23FE5FB400CA2D21 /* PBXTargetDependency */,
			);
			name = TodoListTests;
			productName = TodoListTests;
			productReference = AEED98AD23FE5FB400CA2D21 /* TodoListTests.xctest */;
			productType = "com.apple.product-type.bundle.unit-test";
		};
		AEED98B723FE5FB400CA2D21 /* TodoListUITests */ = {
			isa = PBXNativeTarget;
			buildConfigurationList = AEED98C723FE5FB500CA2D21 /* Build configuration list for PBXNativeTarget "TodoListUITests" */;
			buildPhases = (
				AEED98B423FE5FB400CA2D21 /* Sources */,
				AEED98B523FE5FB400CA2D21 /* Frameworks */,
				AEED98B623FE5FB400CA2D21 /* Resources */,
			);
			buildRules = (
			);
			dependencies = (
				AEED98BA23FE5FB400CA2D21 /* PBXTargetDependency */,
			);
			name = TodoListUITests;
			productName = TodoListUITests;
			productReference = AEED98B823FE5FB400CA2D21 /* TodoListUITests.xctest */;
			productType = "com.apple.product-type.bundle.ui-testing";
		};
/* End PBXNativeTarget section */

/* Begin PBXProject section */
		AEED988D23FE5FB300CA2D21 /* Project object */ = {
			isa = PBXProject;
			attributes = {
				LastUpgradeCheck = 1000;
				ORGANIZATIONNAME = "aru oreki";
				TargetAttributes = {
					AEED989423FE5FB300CA2D21 = {
						CreatedOnToolsVersion = 10.0;
					};
					AEED98AC23FE5FB400CA2D21 = {
						CreatedOnToolsVersion = 10.0;
						TestTargetID = AEED989423FE5FB300CA2D21;
					};
					AEED98B723FE5FB400CA2D21 = {
						CreatedOnToolsVersion = 10.0;
						TestTargetID = AEED989423FE5FB300CA2D21;
					};
				};
			};
			buildConfigurationList = AEED989023FE5FB300CA2D21 /* Build configuration list for PBXProject "TodoList" */;
			compatibilityVersion = "Xcode 9.3";
			developmentRegion = en;
			hasScannedForEncodings = 0;
			knownRegions = (
				en,
				Base,
			);
			mainGroup = AEED988C23FE5FB300CA2D21;
			productRefGroup = AEED989623FE5FB300CA2D21 /* Products */;
			projectDirPath = "";
			projectRoot = "";
			targets = (
				AEED989423FE5FB300CA2D21 /* TodoList */,
				AEED98AC23FE5FB400CA2D21 /* TodoListTests */,
				AEED98B723FE5FB400CA2D21 /* TodoListUITests */,
			);
		};
/* End PBXProject section */

/* Begin PBXResourcesBuildPhase section */
		AEED989323FE5FB300CA2D21 /* Resources */ = {
			isa = PBXResourcesBuildPhase;
			buildActionMask = 2147483647;
			files = (
				AEED98D623FE7AD100CA2D21 /* todoDate.plist in Resources */,
				AE02D127240913760034007F /* Assets.xcassets in Resources */,
				AEED98A523FE5FB400CA2D21 /* LaunchScreen.storyboard in Resources */,
			);
			runOnlyForDeploymentPostprocessing = 0;
		};
		AEED98AB23FE5FB400CA2D21 /* Resources */ = {
			isa = PBXResourcesBuildPhase;
			buildActionMask = 2147483647;
			files = (
			);
			runOnlyForDeploymentPostprocessing = 0;
		};
		AEED98B623FE5FB400CA2D21 /* Resources */ = {
			isa = PBXResourcesBuildPhase;
			buildActionMask = 2147483647;
			files = (
			);
			runOnlyForDeploymentPostprocessing = 0;
		};
/* End PBXResourcesBuildPhase section */

/* Begin PBXShellScriptBuildPhase section */
		3844AF8AA33D8B5CC9BF3703 /* [CP] Check Pods Manifest.lock */ = {
			isa = PBXShellScriptBuildPhase;
			buildActionMask = 2147483647;
			files = (
			);
			inputFileListPaths = (
			);
			inputPaths = (
				"${PODS_PODFILE_DIR_PATH}/Podfile.lock",
				"${PODS_ROOT}/Manifest.lock",
			);
			name = "[CP] Check Pods Manifest.lock";
			outputFileListPaths = (
			);
			outputPaths = (
				"$(DERIVED_FILE_DIR)/Pods-TodoList-checkManifestLockResult.txt",
			);
			runOnlyForDeploymentPostprocessing = 0;
			shellPath = /bin/sh;
			shellScript = "diff \"${PODS_PODFILE_DIR_PATH}/Podfile.lock\" \"${PODS_ROOT}/Manifest.lock\" > /dev/null\nif [ $? != 0 ] ; then\n    # print error to STDERR\n    echo \"error: The sandbox is not in sync with the Podfile.lock. Run 'pod install' or update your CocoaPods installation.\" >&2\n    exit 1\nfi\n# This output is used by Xcode 'outputs' to avoid re-running this script phase.\necho \"SUCCESS\" > \"${SCRIPT_OUTPUT_FILE_0}\"\n";
			showEnvVarsInLog = 0;
		};
		882FF3227664BD82504F3229 /* [CP] Copy Pods Resources */ = {
			isa = PBXShellScriptBuildPhase;
			buildActionMask = 2147483647;
			files = (
			);
			inputFileListPaths = (
				"${PODS_ROOT}/Target Support Files/Pods-TodoList/Pods-TodoList-resources-${CONFIGURATION}-input-files.xcfilelist",
			);
			name = "[CP] Copy Pods Resources";
			outputFileListPaths = (
				"${PODS_ROOT}/Target Support Files/Pods-TodoList/Pods-TodoList-resources-${CONFIGURATION}-output-files.xcfilelist",
			);
			runOnlyForDeploymentPostprocessing = 0;
			shellPath = /bin/sh;
			shellScript = "\"${PODS_ROOT}/Target Support Files/Pods-TodoList/Pods-TodoList-resources.sh\"\n";
			showEnvVarsInLog = 0;
		};
/* End PBXShellScriptBuildPhase section */

/* Begin PBXSourcesBuildPhase section */
		AEED989123FE5FB300CA2D21 /* Sources */ = {
			isa = PBXSourcesBuildPhase;
			buildActionMask = 2147483647;
			files = (
				AE807F2224026E1400A70D4F /* loginViewController.m in Sources */,
				AEED98A823FE5FB400CA2D21 /* main.m in Sources */,
				AE02D12024081BAA0034007F /* editViewController.m in Sources */,
				AE014B222406174400F56773 /* TodoTaskCell.m in Sources */,
				AE02CE802406116400A7769A /* mainTableViewHelper.m in Sources */,
				AE33352D2407A33100C1D684 /* Plate.m in Sources */,
				AE02D12324082E7D0034007F /* addViewController.m in Sources */,
				AE014B25240617F300F56773 /* Model.m in Sources */,
				AE33352A24079DDD00C1D684 /* TodoDataModel.mm in Sources */,
				AE33352924079DDD00C1D684 /* TodoDataModelStorage.mm in Sources */,
				AEED989A23FE5FB300CA2D21 /* AppDelegate.m in Sources */,
				AEED98CF23FE6A6300CA2D21 /* mainViewController.m in Sources */,
			);
			runOnlyForDeploymentPostprocessing = 0;
		};
		AEED98A923FE5FB400CA2D21 /* Sources */ = {
			isa = PBXSourcesBuildPhase;
			buildActionMask = 2147483647;
			files = (
				AEED98B223FE5FB400CA2D21 /* TodoListTests.m in Sources */,
			);
			runOnlyForDeploymentPostprocessing = 0;
		};
		AEED98B423FE5FB400CA2D21 /* Sources */ = {
			isa = PBXSourcesBuildPhase;
			buildActionMask = 2147483647;
			files = (
				AEED98BD23FE5FB500CA2D21 /* TodoListUITests.m in Sources */,
			);
			runOnlyForDeploymentPostprocessing = 0;
		};
/* End PBXSourcesBuildPhase section */

/* Begin PBXTargetDependency section */
		AEED98AF23FE5FB400CA2D21 /* PBXTargetDependency */ = {
			isa = PBXTargetDependency;
			target = AEED989423FE5FB300CA2D21 /* TodoList */;
			targetProxy = AEED98AE23FE5FB400CA2D21 /* PBXContainerItemProxy */;
		};
		AEED98BA23FE5FB400CA2D21 /* PBXTargetDependency */ = {
			isa = PBXTargetDependency;
			target = AEED989423FE5FB300CA2D21 /* TodoList */;
			targetProxy = AEED98B923FE5FB400CA2D21 /* PBXContainerItemProxy */;
		};
/* End PBXTargetDependency section */

/* Begin PBXVariantGroup section */
		AEED98A323FE5FB400CA2D21 /* LaunchScreen.storyboard */ = {
			isa = PBXVariantGroup;
			children = (
				AEED98A423FE5FB400CA2D21 /* Base */,
			);
			name = LaunchScreen.storyboard;
			sourceTree = "<group>";
		};
/* End PBXVariantGroup section */

/* Begin XCBuildConfiguration section */
		AEED98BF23FE5FB500CA2D21 /* Debug */ = {
			isa = XCBuildConfiguration;
			buildSettings = {
				ALWAYS_SEARCH_USER_PATHS = NO;
				CLANG_ANALYZER_NONNULL = YES;
				CLANG_ANALYZER_NUMBER_OBJECT_CONVERSION = YES_AGGRESSIVE;
				CLANG_CXX_LANGUAGE_STANDARD = "gnu++14";
				CLANG_CXX_LIBRARY = "libc++";
				CLANG_ENABLE_MODULES = YES;
				CLANG_ENABLE_OBJC_ARC = YES;
				CLANG_ENABLE_OBJC_WEAK = YES;
				CLANG_WARN_BLOCK_CAPTURE_AUTORELEASING = YES;
				CLANG_WARN_BOOL_CONVERSION = YES;
				CLANG_WARN_COMMA = YES;
				CLANG_WARN_CONSTANT_CONVERSION = YES;
				CLANG_WARN_DEPRECATED_OBJC_IMPLEMENTATIONS = YES;
				CLANG_WARN_DIRECT_OBJC_ISA_USAGE = YES_ERROR;
				CLANG_WARN_DOCUMENTATION_COMMENTS = YES;
				CLANG_WARN_EMPTY_BODY = YES;
				CLANG_WARN_ENUM_CONVERSION = YES;
				CLANG_WARN_INFINITE_RECURSION = YES;
				CLANG_WARN_INT_CONVERSION = YES;
				CLANG_WARN_NON_LITERAL_NULL_CONVERSION = YES;
				CLANG_WARN_OBJC_IMPLICIT_RETAIN_SELF = YES;
				CLANG_WARN_OBJC_LITERAL_CONVERSION = YES;
				CLANG_WARN_OBJC_ROOT_CLASS = YES_ERROR;
				CLANG_WARN_RANGE_LOOP_ANALYSIS = YES;
				CLANG_WARN_STRICT_PROTOTYPES = YES;
				CLANG_WARN_SUSPICIOUS_MOVE = YES;
				CLANG_WARN_UNGUARDED_AVAILABILITY = YES_AGGRESSIVE;
				CLANG_WARN_UNREACHABLE_CODE = YES;
				CLANG_WARN__DUPLICATE_METHOD_MATCH = YES;
				CODE_SIGN_IDENTITY = "iPhone Developer";
				COPY_PHASE_STRIP = NO;
				DEBUG_INFORMATION_FORMAT = dwarf;
				ENABLE_STRICT_OBJC_MSGSEND = YES;
				ENABLE_TESTABILITY = YES;
				GCC_C_LANGUAGE_STANDARD = gnu11;
				GCC_DYNAMIC_NO_PIC = NO;
				GCC_NO_COMMON_BLOCKS = YES;
				GCC_OPTIMIZATION_LEVEL = 0;
				GCC_PREPROCESSOR_DEFINITIONS = (
					"DEBUG=1",
					"$(inherited)",
				);
				GCC_WARN_64_TO_32_BIT_CONVERSION = YES;
				GCC_WARN_ABOUT_RETURN_TYPE = YES_ERROR;
				GCC_WARN_UNDECLARED_SELECTOR = YES;
				GCC_WARN_UNINITIALIZED_AUTOS = YES_AGGRESSIVE;
				GCC_WARN_UNUSED_FUNCTION = YES;
				GCC_WARN_UNUSED_VARIABLE = YES;
				IPHONEOS_DEPLOYMENT_TARGET = 12.0;
				MTL_ENABLE_DEBUG_INFO = INCLUDE_SOURCE;
				MTL_FAST_MATH = YES;
				ONLY_ACTIVE_ARCH = YES;
				SDKROOT = iphoneos;
			};
			name = Debug;
		};
		AEED98C023FE5FB500CA2D21 /* Release */ = {
			isa = XCBuildConfiguration;
			buildSettings = {
				ALWAYS_SEARCH_USER_PATHS = NO;
				CLANG_ANALYZER_NONNULL = YES;
				CLANG_ANALYZER_NUMBER_OBJECT_CONVERSION = YES_AGGRESSIVE;
				CLANG_CXX_LANGUAGE_STANDARD = "gnu++14";
				CLANG_CXX_LIBRARY = "libc++";
				CLANG_ENABLE_MODULES = YES;
				CLANG_ENABLE_OBJC_ARC = YES;
				CLANG_ENABLE_OBJC_WEAK = YES;
				CLANG_WARN_BLOCK_CAPTURE_AUTORELEASING = YES;
				CLANG_WARN_BOOL_CONVERSION = YES;
				CLANG_WARN_COMMA = YES;
				CLANG_WARN_CONSTANT_CONVERSION = YES;
				CLANG_WARN_DEPRECATED_OBJC_IMPLEMENTATIONS = YES;
				CLANG_WARN_DIRECT_OBJC_ISA_USAGE = YES_ERROR;
				CLANG_WARN_DOCUMENTATION_COMMENTS = YES;
				CLANG_WARN_EMPTY_BODY = YES;
				CLANG_WARN_ENUM_CONVERSION = YES;
				CLANG_WARN_INFINITE_RECURSION = YES;
				CLANG_WARN_INT_CONVERSION = YES;
				CLANG_WARN_NON_LITERAL_NULL_CONVERSION = YES;
				CLANG_WARN_OBJC_IMPLICIT_RETAIN_SELF = YES;
				CLANG_WARN_OBJC_LITERAL_CONVERSION = YES;
				CLANG_WARN_OBJC_ROOT_CLASS = YES_ERROR;
				CLANG_WARN_RANGE_LOOP_ANALYSIS = YES;
				CLANG_WARN_STRICT_PROTOTYPES = YES;
				CLANG_WARN_SUSPICIOUS_MOVE = YES;
				CLANG_WARN_UNGUARDED_AVAILABILITY = YES_AGGRESSIVE;
				CLANG_WARN_UNREACHABLE_CODE = YES;
				CLANG_WARN__DUPLICATE_METHOD_MATCH = YES;
				CODE_SIGN_IDENTITY = "iPhone Developer";
				COPY_PHASE_STRIP = NO;
				DEBUG_INFORMATION_FORMAT = "dwarf-with-dsym";
				ENABLE_NS_ASSERTIONS = NO;
				ENABLE_STRICT_OBJC_MSGSEND = YES;
				GCC_C_LANGUAGE_STANDARD = gnu11;
				GCC_NO_COMMON_BLOCKS = YES;
				GCC_WARN_64_TO_32_BIT_CONVERSION = YES;
				GCC_WARN_ABOUT_RETURN_TYPE = YES_ERROR;
				GCC_WARN_UNDECLARED_SELECTOR = YES;
				GCC_WARN_UNINITIALIZED_AUTOS = YES_AGGRESSIVE;
				GCC_WARN_UNUSED_FUNCTION = YES;
				GCC_WARN_UNUSED_VARIABLE = YES;
				IPHONEOS_DEPLOYMENT_TARGET = 12.0;
				MTL_ENABLE_DEBUG_INFO = NO;
				MTL_FAST_MATH = YES;
				SDKROOT = iphoneos;
				VALIDATE_PRODUCT = YES;
			};
			name = Release;
		};
		AEED98C223FE5FB500CA2D21 /* Debug */ = {
			isa = XCBuildConfiguration;
			baseConfigurationReference = 54CE56C2F53351A373344154 /* Pods-TodoList.debug.xcconfig */;
			buildSettings = {
				ASSETCATALOG_COMPILER_APPICON_NAME = AppIcon;
				CODE_SIGN_STYLE = Automatic;
				INFOPLIST_FILE = TodoList/Info.plist;
				LD_RUNPATH_SEARCH_PATHS = (
					"$(inherited)",
					"@executable_path/Frameworks",
				);
				PRODUCT_BUNDLE_IDENTIFIER = nnu.TodoList;
				PRODUCT_NAME = "$(TARGET_NAME)";
				TARGETED_DEVICE_FAMILY = "1,2";
			};
			name = Debug;
		};
		AEED98C323FE5FB500CA2D21 /* Release */ = {
			isa = XCBuildConfiguration;
			baseConfigurationReference = 8789829DF97EFEB07A864246 /* Pods-TodoList.release.xcconfig */;
			buildSettings = {
				ASSETCATALOG_COMPILER_APPICON_NAME = AppIcon;
				CODE_SIGN_STYLE = Automatic;
				INFOPLIST_FILE = TodoList/Info.plist;
				LD_RUNPATH_SEARCH_PATHS = (
					"$(inherited)",
					"@executable_path/Frameworks",
				);
				PRODUCT_BUNDLE_IDENTIFIER = nnu.TodoList;
				PRODUCT_NAME = "$(TARGET_NAME)";
				TARGETED_DEVICE_FAMILY = "1,2";
			};
			name = Release;
		};
		AEED98C523FE5FB500CA2D21 /* Debug */ = {
			isa = XCBuildConfiguration;
			buildSettings = {
				BUNDLE_LOADER = "$(TEST_HOST)";
				CODE_SIGN_STYLE = Automatic;
				INFOPLIST_FILE = TodoListTests/Info.plist;
				LD_RUNPATH_SEARCH_PATHS = (
					"$(inherited)",
					"@executable_path/Frameworks",
					"@loader_path/Frameworks",
				);
				PRODUCT_BUNDLE_IDENTIFIER = nnu.TodoListTests;
				PRODUCT_NAME = "$(TARGET_NAME)";
				TARGETED_DEVICE_FAMILY = "1,2";
				TEST_HOST = "$(BUILT_PRODUCTS_DIR)/TodoList.app/TodoList";
			};
			name = Debug;
		};
		AEED98C623FE5FB500CA2D21 /* Release */ = {
			isa = XCBuildConfiguration;
			buildSettings = {
				BUNDLE_LOADER = "$(TEST_HOST)";
				CODE_SIGN_STYLE = Automatic;
				INFOPLIST_FILE = TodoListTests/Info.plist;
				LD_RUNPATH_SEARCH_PATHS = (
					"$(inherited)",
					"@executable_path/Frameworks",
					"@loader_path/Frameworks",
				);
				PRODUCT_BUNDLE_IDENTIFIER = nnu.TodoListTests;
				PRODUCT_NAME = "$(TARGET_NAME)";
				TARGETED_DEVICE_FAMILY = "1,2";
				TEST_HOST = "$(BUILT_PRODUCTS_DIR)/TodoList.app/TodoList";
			};
			name = Release;
		};
		AEED98C823FE5FB500CA2D21 /* Debug */ = {
			isa = XCBuildConfiguration;
			buildSettings = {
				CODE_SIGN_STYLE = Automatic;
				INFOPLIST_FILE = TodoListUITests/Info.plist;
				LD_RUNPATH_SEARCH_PATHS = (
					"$(inherited)",
					"@executable_path/Frameworks",
					"@loader_path/Frameworks",
				);
				PRODUCT_BUNDLE_IDENTIFIER = nnu.TodoListUITests;
				PRODUCT_NAME = "$(TARGET_NAME)";
				TARGETED_DEVICE_FAMILY = "1,2";
				TEST_TARGET_NAME = TodoList;
			};
			name = Debug;
		};
		AEED98C923FE5FB500CA2D21 /* Release */ = {
			isa = XCBuildConfiguration;
			buildSettings = {
				CODE_SIGN_STYLE = Automatic;
				INFOPLIST_FILE = TodoListUITests/Info.plist;
				LD_RUNPATH_SEARCH_PATHS = (
					"$(inherited)",
					"@executable_path/Frameworks",
					"@loader_path/Frameworks",
				);
				PRODUCT_BUNDLE_IDENTIFIER = nnu.TodoListUITests;
				PRODUCT_NAME = "$(TARGET_NAME)";
				TARGETED_DEVICE_FAMILY = "1,2";
				TEST_TARGET_NAME = TodoList;
			};
			name = Release;
		};
/* End XCBuildConfiguration section */

/* Begin XCConfigurationList section */
		AEED989023FE5FB300CA2D21 /* Build configuration list for PBXProject "TodoList" */ = {
			isa = XCConfigurationList;
			buildConfigurations = (
				AEED98BF23FE5FB500CA2D21 /* Debug */,
				AEED98C023FE5FB500CA2D21 /* Release */,
			);
			defaultConfigurationIsVisible = 0;
			defaultConfigurationName = Release;
		};
		AEED98C123FE5FB500CA2D21 /* Build configuration list for PBXNativeTarget "TodoList" */ = {
			isa = XCConfigurationList;
			buildConfigurations = (
				AEED98C223FE5FB500CA2D21 /* Debug */,
				AEED98C323FE5FB500CA2D21 /* Release */,
			);
			defaultConfigurationIsVisible = 0;
			defaultConfigurationName = Release;
		};
		AEED98C423FE5FB500CA2D21 /* Build configuration list for PBXNativeTarget "TodoListTests" */ = {
			isa = XCConfigurationList;
			buildConfigurations = (
				AEED98C523FE5FB500CA2D21 /* Debug */,
				AEED98C623FE5FB500CA2D21 /* Release */,
			);
			defaultConfigurationIsVisible = 0;
			defaultConfigurationName = Release;
		};
		AEED98C723FE5FB500CA2D21 /* Build configuration list for PBXNativeTarget "TodoListUITests" */ = {
			isa = XCConfigurationList;
			buildConfigurations = (
				AEED98C823FE5FB500CA2D21 /* Debug */,
				AEED98C923FE5FB500CA2D21 /* Release */,
			);
			defaultConfigurationIsVisible = 0;
			defaultConfigurationName = Release;
		};
/* End XCConfigurationList section */
	};
	rootObject = AEED988D23FE5FB300CA2D21 /* Project object */;
}
